// !$*UTF8*$!
{
	archiveVersion = 1;
	classes = {
	};
	objectVersion = 50;
	objects = {

/* Begin PBXBuildFile section */
		664E479E2207FC14008F11D9 /* AppDelegate.swift in Sources */ = {isa = PBXBuildFile; fileRef = 664E479D2207FC14008F11D9 /* AppDelegate.swift */; };
		664E47A52207FC15008F11D9 /* Assets.xcassets in Resources */ = {isa = PBXBuildFile; fileRef = 664E47A42207FC15008F11D9 /* Assets.xcassets */; };
		664E47A82207FC15008F11D9 /* LaunchScreen.storyboard in Resources */ = {isa = PBXBuildFile; fileRef = 664E47A62207FC15008F11D9 /* LaunchScreen.storyboard */; };
		664E47B32207FC15008F11D9 /* TestProjectBBCTests.swift in Sources */ = {isa = PBXBuildFile; fileRef = 664E47B22207FC15008F11D9 /* TestProjectBBCTests.swift */; };
		664E47D12207FD1F008F11D9 /* APIAdapter.swift in Sources */ = {isa = PBXBuildFile; fileRef = 664E47C92207FD1E008F11D9 /* APIAdapter.swift */; };
		664E47D22207FD1F008F11D9 /* Authentization.swift in Sources */ = {isa = PBXBuildFile; fileRef = 664E47CA2207FD1E008F11D9 /* Authentization.swift */; };
		664E47D32207FD1F008F11D9 /* Utilities.swift in Sources */ = {isa = PBXBuildFile; fileRef = 664E47CB2207FD1E008F11D9 /* Utilities.swift */; };
		664E47D42207FD1F008F11D9 /* HTTPMethod.swift in Sources */ = {isa = PBXBuildFile; fileRef = 664E47CC2207FD1E008F11D9 /* HTTPMethod.swift */; };
		664E47D52207FD1F008F11D9 /* RequestData.swift in Sources */ = {isa = PBXBuildFile; fileRef = 664E47CD2207FD1E008F11D9 /* RequestData.swift */; };
		664E47D62207FD1F008F11D9 /* Parameters.swift in Sources */ = {isa = PBXBuildFile; fileRef = 664E47CE2207FD1E008F11D9 /* Parameters.swift */; };
		664E47D72207FD1F008F11D9 /* Request.swift in Sources */ = {isa = PBXBuildFile; fileRef = 664E47CF2207FD1E008F11D9 /* Request.swift */; };
		664E47D82207FD1F008F11D9 /* APIAdapterError.swift in Sources */ = {isa = PBXBuildFile; fileRef = 664E47D02207FD1F008F11D9 /* APIAdapterError.swift */; };
		664E47DB2207FD3C008F11D9 /* CoordinatorInput.swift in Sources */ = {isa = PBXBuildFile; fileRef = 664E47D92207FD3C008F11D9 /* CoordinatorInput.swift */; };
		664E47DC2207FD3C008F11D9 /* Coordinator.swift in Sources */ = {isa = PBXBuildFile; fileRef = 664E47DA2207FD3C008F11D9 /* Coordinator.swift */; };
		664E47DF2207FD43008F11D9 /* ServiceHolder.swift in Sources */ = {isa = PBXBuildFile; fileRef = 664E47DD2207FD43008F11D9 /* ServiceHolder.swift */; };
		664E47E02207FD43008F11D9 /* Service.swift in Sources */ = {isa = PBXBuildFile; fileRef = 664E47DE2207FD43008F11D9 /* Service.swift */; };
		664E47E32207FDEC008F11D9 /* AppCoordinator.swift in Sources */ = {isa = PBXBuildFile; fileRef = 664E47E22207FDEC008F11D9 /* AppCoordinator.swift */; };
		664E47EB2207FE84008F11D9 /* NewsFeedCoordinator.swift in Sources */ = {isa = PBXBuildFile; fileRef = 664E47E52207FE84008F11D9 /* NewsFeedCoordinator.swift */; };
		664E47EC2207FE84008F11D9 /* NewsFeedViewController.swift in Sources */ = {isa = PBXBuildFile; fileRef = 664E47E62207FE84008F11D9 /* NewsFeedViewController.swift */; };
		664E47ED2207FE84008F11D9 /* NewsFeedViewModel.swift in Sources */ = {isa = PBXBuildFile; fileRef = 664E47E72207FE84008F11D9 /* NewsFeedViewModel.swift */; };
		664E47F02207FE84008F11D9 /* NewsFeedService.swift in Sources */ = {isa = PBXBuildFile; fileRef = 664E47EA2207FE84008F11D9 /* NewsFeedService.swift */; };
		664E47F2220800B5008F11D9 /* UIViewController+Plugins.swift in Sources */ = {isa = PBXBuildFile; fileRef = 664E47F1220800B5008F11D9 /* UIViewController+Plugins.swift */; };
		664E47F422080100008F11D9 /* UIAlertAction+Actions.swift in Sources */ = {isa = PBXBuildFile; fileRef = 664E47F322080100008F11D9 /* UIAlertAction+Actions.swift */; };
		664E47F922080557008F11D9 /* ErrorStatePluginViewController.swift in Sources */ = {isa = PBXBuildFile; fileRef = 664E47F722080557008F11D9 /* ErrorStatePluginViewController.swift */; };
		664E47FA22080557008F11D9 /* ErrorStatePluginViewController.xib in Resources */ = {isa = PBXBuildFile; fileRef = 664E47F822080557008F11D9 /* ErrorStatePluginViewController.xib */; };
		664E47FF2208062A008F11D9 /* LoadingStatePluginViewController.swift in Sources */ = {isa = PBXBuildFile; fileRef = 664E47FD2208062A008F11D9 /* LoadingStatePluginViewController.swift */; };
		664E48002208062A008F11D9 /* LoadingStatePluginViewController.xib in Resources */ = {isa = PBXBuildFile; fileRef = 664E47FE2208062A008F11D9 /* LoadingStatePluginViewController.xib */; };
		664E480222080976008F11D9 /* Configuration.swift in Sources */ = {isa = PBXBuildFile; fileRef = 664E480122080976008F11D9 /* Configuration.swift */; };
		664E480422080DBA008F11D9 /* Result.swift in Sources */ = {isa = PBXBuildFile; fileRef = 664E480322080DBA008F11D9 /* Result.swift */; };
		664E480622080E15008F11D9 /* Post.swift in Sources */ = {isa = PBXBuildFile; fileRef = 664E480522080E15008F11D9 /* Post.swift */; };
		664E480822080FA5008F11D9 /* NewsFeed.swift in Sources */ = {isa = PBXBuildFile; fileRef = 664E480722080FA5008F11D9 /* NewsFeed.swift */; };
		664E480A22081257008F11D9 /* NewsFeedDataSource.swift in Sources */ = {isa = PBXBuildFile; fileRef = 664E480922081257008F11D9 /* NewsFeedDataSource.swift */; };
		664E480E22081309008F11D9 /* PostTableViewCell.swift in Sources */ = {isa = PBXBuildFile; fileRef = 664E480C22081309008F11D9 /* PostTableViewCell.swift */; };
		664E480F22081309008F11D9 /* PostTableViewCell.xib in Resources */ = {isa = PBXBuildFile; fileRef = 664E480D22081309008F11D9 /* PostTableViewCell.xib */; };
		664E481122081579008F11D9 /* UIColor+Colors.swift in Sources */ = {isa = PBXBuildFile; fileRef = 664E481022081579008F11D9 /* UIColor+Colors.swift */; };
		66F023BC2208220A00C2DA16 /* PostDetailCoordinator.swift in Sources */ = {isa = PBXBuildFile; fileRef = 66F023B62208220A00C2DA16 /* PostDetailCoordinator.swift */; };
		66F023BD2208220A00C2DA16 /* PostDetailViewController.swift in Sources */ = {isa = PBXBuildFile; fileRef = 66F023B72208220A00C2DA16 /* PostDetailViewController.swift */; };
		66F023BE2208220A00C2DA16 /* PostDetailViewModel.swift in Sources */ = {isa = PBXBuildFile; fileRef = 66F023B82208220A00C2DA16 /* PostDetailViewModel.swift */; };
		66F023C52208223100C2DA16 /* PostDetailViewController.xib in Resources */ = {isa = PBXBuildFile; fileRef = 66F023C32208223100C2DA16 /* PostDetailViewController.xib */; };
/* End PBXBuildFile section */

/* Begin PBXContainerItemProxy section */
		664E47AF2207FC15008F11D9 /* PBXContainerItemProxy */ = {
			isa = PBXContainerItemProxy;
			containerPortal = 664E47922207FC14008F11D9 /* Project object */;
			proxyType = 1;
			remoteGlobalIDString = 664E47992207FC14008F11D9;
			remoteInfo = TestProjectBBC;
		};
/* End PBXContainerItemProxy section */

/* Begin PBXFileReference section */
		664E479A2207FC14008F11D9 /* TestProjectBBC.app */ = {isa = PBXFileReference; explicitFileType = wrapper.application; includeInIndex = 0; path = TestProjectBBC.app; sourceTree = BUILT_PRODUCTS_DIR; };
		664E479D2207FC14008F11D9 /* AppDelegate.swift */ = {isa = PBXFileReference; lastKnownFileType = sourcecode.swift; path = AppDelegate.swift; sourceTree = "<group>"; };
		664E47A42207FC15008F11D9 /* Assets.xcassets */ = {isa = PBXFileReference; lastKnownFileType = folder.assetcatalog; path = Assets.xcassets; sourceTree = "<group>"; };
		664E47A72207FC15008F11D9 /* Base */ = {isa = PBXFileReference; lastKnownFileType = file.storyboard; name = Base; path = Base.lproj/LaunchScreen.storyboard; sourceTree = "<group>"; };
		664E47A92207FC15008F11D9 /* Info.plist */ = {isa = PBXFileReference; lastKnownFileType = text.plist.xml; path = Info.plist; sourceTree = "<group>"; };
		664E47AE2207FC15008F11D9 /* TestProjectBBCTests.xctest */ = {isa = PBXFileReference; explicitFileType = wrapper.cfbundle; includeInIndex = 0; path = TestProjectBBCTests.xctest; sourceTree = BUILT_PRODUCTS_DIR; };
		664E47B22207FC15008F11D9 /* TestProjectBBCTests.swift */ = {isa = PBXFileReference; lastKnownFileType = sourcecode.swift; path = TestProjectBBCTests.swift; sourceTree = "<group>"; };
		664E47B42207FC15008F11D9 /* Info.plist */ = {isa = PBXFileReference; lastKnownFileType = text.plist.xml; path = Info.plist; sourceTree = "<group>"; };
		664E47C92207FD1E008F11D9 /* APIAdapter.swift */ = {isa = PBXFileReference; fileEncoding = 4; lastKnownFileType = sourcecode.swift; path = APIAdapter.swift; sourceTree = "<group>"; };
		664E47CA2207FD1E008F11D9 /* Authentization.swift */ = {isa = PBXFileReference; fileEncoding = 4; lastKnownFileType = sourcecode.swift; path = Authentization.swift; sourceTree = "<group>"; };
		664E47CB2207FD1E008F11D9 /* Utilities.swift */ = {isa = PBXFileReference; fileEncoding = 4; lastKnownFileType = sourcecode.swift; path = Utilities.swift; sourceTree = "<group>"; };
		664E47CC2207FD1E008F11D9 /* HTTPMethod.swift */ = {isa = PBXFileReference; fileEncoding = 4; lastKnownFileType = sourcecode.swift; path = HTTPMethod.swift; sourceTree = "<group>"; };
		664E47CD2207FD1E008F11D9 /* RequestData.swift */ = {isa = PBXFileReference; fileEncoding = 4; lastKnownFileType = sourcecode.swift; path = RequestData.swift; sourceTree = "<group>"; };
		664E47CE2207FD1E008F11D9 /* Parameters.swift */ = {isa = PBXFileReference; fileEncoding = 4; lastKnownFileType = sourcecode.swift; path = Parameters.swift; sourceTree = "<group>"; };
		664E47CF2207FD1E008F11D9 /* Request.swift */ = {isa = PBXFileReference; fileEncoding = 4; lastKnownFileType = sourcecode.swift; path = Request.swift; sourceTree = "<group>"; };
		664E47D02207FD1F008F11D9 /* APIAdapterError.swift */ = {isa = PBXFileReference; fileEncoding = 4; lastKnownFileType = sourcecode.swift; path = APIAdapterError.swift; sourceTree = "<group>"; };
		664E47D92207FD3C008F11D9 /* CoordinatorInput.swift */ = {isa = PBXFileReference; fileEncoding = 4; lastKnownFileType = sourcecode.swift; path = CoordinatorInput.swift; sourceTree = "<group>"; };
		664E47DA2207FD3C008F11D9 /* Coordinator.swift */ = {isa = PBXFileReference; fileEncoding = 4; lastKnownFileType = sourcecode.swift; path = Coordinator.swift; sourceTree = "<group>"; };
		664E47DD2207FD43008F11D9 /* ServiceHolder.swift */ = {isa = PBXFileReference; fileEncoding = 4; lastKnownFileType = sourcecode.swift; path = ServiceHolder.swift; sourceTree = "<group>"; };
		664E47DE2207FD43008F11D9 /* Service.swift */ = {isa = PBXFileReference; fileEncoding = 4; lastKnownFileType = sourcecode.swift; path = Service.swift; sourceTree = "<group>"; };
		664E47E22207FDEC008F11D9 /* AppCoordinator.swift */ = {isa = PBXFileReference; lastKnownFileType = sourcecode.swift; path = AppCoordinator.swift; sourceTree = "<group>"; };
		664E47E52207FE84008F11D9 /* NewsFeedCoordinator.swift */ = {isa = PBXFileReference; lastKnownFileType = sourcecode.swift; path = NewsFeedCoordinator.swift; sourceTree = "<group>"; };
		664E47E62207FE84008F11D9 /* NewsFeedViewController.swift */ = {isa = PBXFileReference; lastKnownFileType = sourcecode.swift; path = NewsFeedViewController.swift; sourceTree = "<group>"; };
		664E47E72207FE84008F11D9 /* NewsFeedViewModel.swift */ = {isa = PBXFileReference; lastKnownFileType = sourcecode.swift; path = NewsFeedViewModel.swift; sourceTree = "<group>"; };
		664E47EA2207FE84008F11D9 /* NewsFeedService.swift */ = {isa = PBXFileReference; lastKnownFileType = sourcecode.swift; path = NewsFeedService.swift; sourceTree = "<group>"; };
		664E47F1220800B5008F11D9 /* UIViewController+Plugins.swift */ = {isa = PBXFileReference; fileEncoding = 4; lastKnownFileType = sourcecode.swift; path = "UIViewController+Plugins.swift"; sourceTree = "<group>"; };
		664E47F322080100008F11D9 /* UIAlertAction+Actions.swift */ = {isa = PBXFileReference; fileEncoding = 4; lastKnownFileType = sourcecode.swift; path = "UIAlertAction+Actions.swift"; sourceTree = "<group>"; };
		664E47F722080557008F11D9 /* ErrorStatePluginViewController.swift */ = {isa = PBXFileReference; lastKnownFileType = sourcecode.swift; path = ErrorStatePluginViewController.swift; sourceTree = "<group>"; };
		664E47F822080557008F11D9 /* ErrorStatePluginViewController.xib */ = {isa = PBXFileReference; lastKnownFileType = file.xib; path = ErrorStatePluginViewController.xib; sourceTree = "<group>"; };
		664E47FD2208062A008F11D9 /* LoadingStatePluginViewController.swift */ = {isa = PBXFileReference; lastKnownFileType = sourcecode.swift; path = LoadingStatePluginViewController.swift; sourceTree = "<group>"; };
		664E47FE2208062A008F11D9 /* LoadingStatePluginViewController.xib */ = {isa = PBXFileReference; lastKnownFileType = file.xib; path = LoadingStatePluginViewController.xib; sourceTree = "<group>"; };
		664E480122080976008F11D9 /* Configuration.swift */ = {isa = PBXFileReference; lastKnownFileType = sourcecode.swift; path = Configuration.swift; sourceTree = "<group>"; };
		664E480322080DBA008F11D9 /* Result.swift */ = {isa = PBXFileReference; lastKnownFileType = sourcecode.swift; path = Result.swift; sourceTree = "<group>"; };
		664E480522080E15008F11D9 /* Post.swift */ = {isa = PBXFileReference; lastKnownFileType = sourcecode.swift; path = Post.swift; sourceTree = "<group>"; };
		664E480722080FA5008F11D9 /* NewsFeed.swift */ = {isa = PBXFileReference; lastKnownFileType = sourcecode.swift; path = NewsFeed.swift; sourceTree = "<group>"; };
		664E480922081257008F11D9 /* NewsFeedDataSource.swift */ = {isa = PBXFileReference; lastKnownFileType = sourcecode.swift; path = NewsFeedDataSource.swift; sourceTree = "<group>"; };
		664E480C22081309008F11D9 /* PostTableViewCell.swift */ = {isa = PBXFileReference; lastKnownFileType = sourcecode.swift; path = PostTableViewCell.swift; sourceTree = "<group>"; };
		664E480D22081309008F11D9 /* PostTableViewCell.xib */ = {isa = PBXFileReference; lastKnownFileType = file.xib; path = PostTableViewCell.xib; sourceTree = "<group>"; };
		664E481022081579008F11D9 /* UIColor+Colors.swift */ = {isa = PBXFileReference; lastKnownFileType = sourcecode.swift; path = "UIColor+Colors.swift"; sourceTree = "<group>"; };
		66F023B62208220A00C2DA16 /* PostDetailCoordinator.swift */ = {isa = PBXFileReference; lastKnownFileType = sourcecode.swift; path = PostDetailCoordinator.swift; sourceTree = "<group>"; };
		66F023B72208220A00C2DA16 /* PostDetailViewController.swift */ = {isa = PBXFileReference; lastKnownFileType = sourcecode.swift; path = PostDetailViewController.swift; sourceTree = "<group>"; };
		66F023B82208220A00C2DA16 /* PostDetailViewModel.swift */ = {isa = PBXFileReference; lastKnownFileType = sourcecode.swift; path = PostDetailViewModel.swift; sourceTree = "<group>"; };
		66F023C32208223100C2DA16 /* PostDetailViewController.xib */ = {isa = PBXFileReference; lastKnownFileType = file.xib; path = PostDetailViewController.xib; sourceTree = "<group>"; };
/* End PBXFileReference section */

/* Begin PBXFrameworksBuildPhase section */
		664E47972207FC14008F11D9 /* Frameworks */ = {
			isa = PBXFrameworksBuildPhase;
			buildActionMask = 2147483647;
			files = (
			);
			runOnlyForDeploymentPostprocessing = 0;
		};
		664E47AB2207FC15008F11D9 /* Frameworks */ = {
			isa = PBXFrameworksBuildPhase;
			buildActionMask = 2147483647;
			files = (
			);
			runOnlyForDeploymentPostprocessing = 0;
		};
/* End PBXFrameworksBuildPhase section */

/* Begin PBXGroup section */
		664E47912207FC14008F11D9 = {
			isa = PBXGroup;
			children = (
				664E479C2207FC14008F11D9 /* TestProjectBBC */,
				664E47B12207FC15008F11D9 /* TestProjectBBCTests */,
				664E479B2207FC14008F11D9 /* Products */,
			);
			sourceTree = "<group>";
		};
		664E479B2207FC14008F11D9 /* Products */ = {
			isa = PBXGroup;
			children = (
				664E479A2207FC14008F11D9 /* TestProjectBBC.app */,
				664E47AE2207FC15008F11D9 /* TestProjectBBCTests.xctest */,
			);
			name = Products;
			sourceTree = "<group>";
		};
		664E479C2207FC14008F11D9 /* TestProjectBBC */ = {
			isa = PBXGroup;
			children = (
				664E47E22207FDEC008F11D9 /* AppCoordinator.swift */,
				664E479D2207FC14008F11D9 /* AppDelegate.swift */,
				664E480122080976008F11D9 /* Configuration.swift */,
				664E47C82207FD06008F11D9 /* Adapters */,
				664E47C12207FC64008F11D9 /* Global */,
				664E47BF2207FC57008F11D9 /* Models */,
				664E47BE2207FC51008F11D9 /* Resources */,
				664E47BD2207FC4B008F11D9 /* Scenes */,
				664E47C02207FC5C008F11D9 /* Services */,
			);
			path = TestProjectBBC;
			sourceTree = "<group>";
		};
		664E47B12207FC15008F11D9 /* TestProjectBBCTests */ = {
			isa = PBXGroup;
			children = (
				664E47B22207FC15008F11D9 /* TestProjectBBCTests.swift */,
				664E47B42207FC15008F11D9 /* Info.plist */,
			);
			path = TestProjectBBCTests;
			sourceTree = "<group>";
		};
		664E47BD2207FC4B008F11D9 /* Scenes */ = {
			isa = PBXGroup;
			children = (
				664E47E42207FE6C008F11D9 /* News Feed */,
				66F023B5220821ED00C2DA16 /* Post Detail */,
				664E47E12207FD51008F11D9 /* Launch */,
			);
			path = Scenes;
			sourceTree = "<group>";
		};
		664E47BE2207FC51008F11D9 /* Resources */ = {
			isa = PBXGroup;
			children = (
				664E47A42207FC15008F11D9 /* Assets.xcassets */,
				664E47A92207FC15008F11D9 /* Info.plist */,
				664E481022081579008F11D9 /* UIColor+Colors.swift */,
			);
			path = Resources;
			sourceTree = "<group>";
		};
		664E47BF2207FC57008F11D9 /* Models */ = {
			isa = PBXGroup;
			children = (
				664E480322080DBA008F11D9 /* Result.swift */,
				664E480522080E15008F11D9 /* Post.swift */,
				664E480722080FA5008F11D9 /* NewsFeed.swift */,
			);
			path = Models;
			sourceTree = "<group>";
		};
		664E47C02207FC5C008F11D9 /* Services */ = {
			isa = PBXGroup;
			children = (
				664E47EA2207FE84008F11D9 /* NewsFeedService.swift */,
			);
			path = Services;
			sourceTree = "<group>";
		};
		664E47C12207FC64008F11D9 /* Global */ = {
			isa = PBXGroup;
			children = (
				664E47C22207FC67008F11D9 /* Architecture */,
				664E47F522080103008F11D9 /* Components */,
				664E47C42207FC80008F11D9 /* Extensions */,
			);
			path = Global;
			sourceTree = "<group>";
		};
		664E47C22207FC67008F11D9 /* Architecture */ = {
			isa = PBXGroup;
			children = (
				664E47C62207FC9F008F11D9 /* Coordinator */,
				664E47C32207FC6C008F11D9 /* Service Holder */,
			);
			path = Architecture;
			sourceTree = "<group>";
		};
		664E47C32207FC6C008F11D9 /* Service Holder */ = {
			isa = PBXGroup;
			children = (
				664E47DE2207FD43008F11D9 /* Service.swift */,
				664E47DD2207FD43008F11D9 /* ServiceHolder.swift */,
			);
			path = "Service Holder";
			sourceTree = "<group>";
		};
		664E47C42207FC80008F11D9 /* Extensions */ = {
			isa = PBXGroup;
			children = (
				664E47F1220800B5008F11D9 /* UIViewController+Plugins.swift */,
			);
			path = Extensions;
			sourceTree = "<group>";
		};
		664E47C62207FC9F008F11D9 /* Coordinator */ = {
			isa = PBXGroup;
			children = (
				664E47DA2207FD3C008F11D9 /* Coordinator.swift */,
			);
			path = Coordinator;
			sourceTree = "<group>";
		};
		664E47C72207FCF8008F11D9 /* APIAdapter */ = {
			isa = PBXGroup;
			children = (
				664E47C92207FD1E008F11D9 /* APIAdapter.swift */,
				664E47D02207FD1F008F11D9 /* APIAdapterError.swift */,
				664E47CA2207FD1E008F11D9 /* Authentization.swift */,
				664E47CC2207FD1E008F11D9 /* HTTPMethod.swift */,
				664E47CE2207FD1E008F11D9 /* Parameters.swift */,
				664E47CF2207FD1E008F11D9 /* Request.swift */,
				664E47CD2207FD1E008F11D9 /* RequestData.swift */,
				664E47CB2207FD1E008F11D9 /* Utilities.swift */,
			);
			path = APIAdapter;
			sourceTree = "<group>";
		};
		664E47C82207FD06008F11D9 /* Adapters */ = {
			isa = PBXGroup;
			children = (
				664E47C72207FCF8008F11D9 /* APIAdapter */,
			);
			path = Adapters;
			sourceTree = "<group>";
		};
		664E47E12207FD51008F11D9 /* Launch */ = {
			isa = PBXGroup;
			children = (
				664E47A62207FC15008F11D9 /* LaunchScreen.storyboard */,
			);
			path = Launch;
			sourceTree = "<group>";
		};
		664E47E42207FE6C008F11D9 /* News Feed */ = {
			isa = PBXGroup;
			children = (
				664E480B220812F9008F11D9 /* Cells */,
				664E47E52207FE84008F11D9 /* NewsFeedCoordinator.swift */,
				664E47E72207FE84008F11D9 /* NewsFeedViewModel.swift */,
				664E47E62207FE84008F11D9 /* NewsFeedViewController.swift */,
				664E480922081257008F11D9 /* NewsFeedDataSource.swift */,
			);
			path = "News Feed";
			sourceTree = "<group>";
		};
		664E47F522080103008F11D9 /* Components */ = {
			isa = PBXGroup;
			children = (
				664E47F62208053E008F11D9 /* Plugin Controllers */,
				664E47D92207FD3C008F11D9 /* CoordinatorInput.swift */,
				664E47F322080100008F11D9 /* UIAlertAction+Actions.swift */,
			);
			path = Components;
			sourceTree = "<group>";
		};
		664E47F62208053E008F11D9 /* Plugin Controllers */ = {
			isa = PBXGroup;
			children = (
				664E47FB22080608008F11D9 /* Error State */,
				664E47FC22080610008F11D9 /* Loading State */,
			);
			path = "Plugin Controllers";
			sourceTree = "<group>";
		};
		664E47FB22080608008F11D9 /* Error State */ = {
			isa = PBXGroup;
			children = (
				664E47F722080557008F11D9 /* ErrorStatePluginViewController.swift */,
				664E47F822080557008F11D9 /* ErrorStatePluginViewController.xib */,
			);
			path = "Error State";
			sourceTree = "<group>";
		};
		664E47FC22080610008F11D9 /* Loading State */ = {
			isa = PBXGroup;
			children = (
				664E47FD2208062A008F11D9 /* LoadingStatePluginViewController.swift */,
				664E47FE2208062A008F11D9 /* LoadingStatePluginViewController.xib */,
			);
			path = "Loading State";
			sourceTree = "<group>";
		};
		664E480B220812F9008F11D9 /* Cells */ = {
			isa = PBXGroup;
			children = (
				664E480C22081309008F11D9 /* PostTableViewCell.swift */,
				664E480D22081309008F11D9 /* PostTableViewCell.xib */,
			);
			path = Cells;
			sourceTree = "<group>";
		};
		66F023B5220821ED00C2DA16 /* Post Detail */ = {
			isa = PBXGroup;
			children = (
				66F023B62208220A00C2DA16 /* PostDetailCoordinator.swift */,
				66F023B82208220A00C2DA16 /* PostDetailViewModel.swift */,
				66F023B72208220A00C2DA16 /* PostDetailViewController.swift */,
				66F023C32208223100C2DA16 /* PostDetailViewController.xib */,
			);
			path = "Post Detail";
			sourceTree = "<group>";
		};
/* End PBXGroup section */

/* Begin PBXNativeTarget section */
		664E47992207FC14008F11D9 /* TestProjectBBC */ = {
			isa = PBXNativeTarget;
			buildConfigurationList = 664E47B72207FC15008F11D9 /* Build configuration list for PBXNativeTarget "TestProjectBBC" */;
			buildPhases = (
				664E47962207FC14008F11D9 /* Sources */,
				664E47972207FC14008F11D9 /* Frameworks */,
				664E47982207FC14008F11D9 /* Resources */,
			);
			buildRules = (
			);
			dependencies = (
			);
			name = TestProjectBBC;
			productName = TestProjectBBC;
			productReference = 664E479A2207FC14008F11D9 /* TestProjectBBC.app */;
			productType = "com.apple.product-type.application";
		};
		664E47AD2207FC15008F11D9 /* TestProjectBBCTests */ = {
			isa = PBXNativeTarget;
			buildConfigurationList = 664E47BA2207FC15008F11D9 /* Build configuration list for PBXNativeTarget "TestProjectBBCTests" */;
			buildPhases = (
				664E47AA2207FC15008F11D9 /* Sources */,
				664E47AB2207FC15008F11D9 /* Frameworks */,
				664E47AC2207FC15008F11D9 /* Resources */,
			);
			buildRules = (
			);
			dependencies = (
				664E47B02207FC15008F11D9 /* PBXTargetDependency */,
			);
			name = TestProjectBBCTests;
			productName = TestProjectBBCTests;
			productReference = 664E47AE2207FC15008F11D9 /* TestProjectBBCTests.xctest */;
			productType = "com.apple.product-type.bundle.unit-test";
		};
/* End PBXNativeTarget section */

/* Begin PBXProject section */
		664E47922207FC14008F11D9 /* Project object */ = {
			isa = PBXProject;
			attributes = {
				LastSwiftUpdateCheck = 1010;
				LastUpgradeCheck = 1010;
				ORGANIZATIONNAME = "Adam Leitgeb";
				TargetAttributes = {
					664E47992207FC14008F11D9 = {
						CreatedOnToolsVersion = 10.1;
					};
					664E47AD2207FC15008F11D9 = {
						CreatedOnToolsVersion = 10.1;
						TestTargetID = 664E47992207FC14008F11D9;
					};
				};
			};
			buildConfigurationList = 664E47952207FC14008F11D9 /* Build configuration list for PBXProject "TestProjectBBC" */;
			compatibilityVersion = "Xcode 9.3";
			developmentRegion = en;
			hasScannedForEncodings = 0;
			knownRegions = (
				en,
				Base,
			);
			mainGroup = 664E47912207FC14008F11D9;
			productRefGroup = 664E479B2207FC14008F11D9 /* Products */;
			projectDirPath = "";
			projectRoot = "";
			targets = (
				664E47992207FC14008F11D9 /* TestProjectBBC */,
				664E47AD2207FC15008F11D9 /* TestProjectBBCTests */,
			);
		};
/* End PBXProject section */

/* Begin PBXResourcesBuildPhase section */
		664E47982207FC14008F11D9 /* Resources */ = {
			isa = PBXResourcesBuildPhase;
			buildActionMask = 2147483647;
			files = (
				664E47A82207FC15008F11D9 /* LaunchScreen.storyboard in Resources */,
				66F023C52208223100C2DA16 /* PostDetailViewController.xib in Resources */,
				664E480F22081309008F11D9 /* PostTableViewCell.xib in Resources */,
				664E47FA22080557008F11D9 /* ErrorStatePluginViewController.xib in Resources */,
				664E48002208062A008F11D9 /* LoadingStatePluginViewController.xib in Resources */,
				664E47A52207FC15008F11D9 /* Assets.xcassets in Resources */,
			);
			runOnlyForDeploymentPostprocessing = 0;
		};
		664E47AC2207FC15008F11D9 /* Resources */ = {
			isa = PBXResourcesBuildPhase;
			buildActionMask = 2147483647;
			files = (
			);
			runOnlyForDeploymentPostprocessing = 0;
		};
/* End PBXResourcesBuildPhase section */

/* Begin PBXSourcesBuildPhase section */
		664E47962207FC14008F11D9 /* Sources */ = {
			isa = PBXSourcesBuildPhase;
			buildActionMask = 2147483647;
			files = (
				664E480822080FA5008F11D9 /* NewsFeed.swift in Sources */,
				664E47D22207FD1F008F11D9 /* Authentization.swift in Sources */,
				664E47E02207FD43008F11D9 /* Service.swift in Sources */,
				664E47D72207FD1F008F11D9 /* Request.swift in Sources */,
				664E47EB2207FE84008F11D9 /* NewsFeedCoordinator.swift in Sources */,
				664E47F2220800B5008F11D9 /* UIViewController+Plugins.swift in Sources */,
				664E480A22081257008F11D9 /* NewsFeedDataSource.swift in Sources */,
				664E480E22081309008F11D9 /* PostTableViewCell.swift in Sources */,
				664E47F922080557008F11D9 /* ErrorStatePluginViewController.swift in Sources */,
				664E480422080DBA008F11D9 /* Result.swift in Sources */,
				664E47D82207FD1F008F11D9 /* APIAdapterError.swift in Sources */,
				664E47D62207FD1F008F11D9 /* Parameters.swift in Sources */,
				664E480622080E15008F11D9 /* Post.swift in Sources */,
				664E47FF2208062A008F11D9 /* LoadingStatePluginViewController.swift in Sources */,
				664E47D12207FD1F008F11D9 /* APIAdapter.swift in Sources */,
				664E47EC2207FE84008F11D9 /* NewsFeedViewController.swift in Sources */,
				664E481122081579008F11D9 /* UIColor+Colors.swift in Sources */,
				664E47E32207FDEC008F11D9 /* AppCoordinator.swift in Sources */,
				664E47ED2207FE84008F11D9 /* NewsFeedViewModel.swift in Sources */,
				66F023BC2208220A00C2DA16 /* PostDetailCoordinator.swift in Sources */,
				664E47DF2207FD43008F11D9 /* ServiceHolder.swift in Sources */,
				664E47D32207FD1F008F11D9 /* Utilities.swift in Sources */,
				664E47DC2207FD3C008F11D9 /* Coordinator.swift in Sources */,
				664E47F02207FE84008F11D9 /* NewsFeedService.swift in Sources */,
				664E47D52207FD1F008F11D9 /* RequestData.swift in Sources */,
				66F023BE2208220A00C2DA16 /* PostDetailViewModel.swift in Sources */,
				664E47DB2207FD3C008F11D9 /* CoordinatorInput.swift in Sources */,
				664E47D42207FD1F008F11D9 /* HTTPMethod.swift in Sources */,
				66F023BD2208220A00C2DA16 /* PostDetailViewController.swift in Sources */,
				664E480222080976008F11D9 /* Configuration.swift in Sources */,
				664E47F422080100008F11D9 /* UIAlertAction+Actions.swift in Sources */,
				664E479E2207FC14008F11D9 /* AppDelegate.swift in Sources */,
			);
			runOnlyForDeploymentPostprocessing = 0;
		};
		664E47AA2207FC15008F11D9 /* Sources */ = {
			isa = PBXSourcesBuildPhase;
			buildActionMask = 2147483647;
			files = (
				664E47B32207FC15008F11D9 /* TestProjectBBCTests.swift in Sources */,
			);
			runOnlyForDeploymentPostprocessing = 0;
		};
/* End PBXSourcesBuildPhase section */

/* Begin PBXTargetDependency section */
		664E47B02207FC15008F11D9 /* PBXTargetDependency */ = {
			isa = PBXTargetDependency;
			target = 664E47992207FC14008F11D9 /* TestProjectBBC */;
			targetProxy = 664E47AF2207FC15008F11D9 /* PBXContainerItemProxy */;
		};
/* End PBXTargetDependency section */

/* Begin PBXVariantGroup section */
		664E47A62207FC15008F11D9 /* LaunchScreen.storyboard */ = {
			isa = PBXVariantGroup;
			children = (
				664E47A72207FC15008F11D9 /* Base */,
			);
			name = LaunchScreen.storyboard;
			sourceTree = "<group>";
		};
/* End PBXVariantGroup section */

/* Begin XCBuildConfiguration section */
		664E47B52207FC15008F11D9 /* Debug */ = {
			isa = XCBuildConfiguration;
			buildSettings = {
				ALWAYS_SEARCH_USER_PATHS = NO;
				CLANG_ANALYZER_NONNULL = YES;
				CLANG_ANALYZER_NUMBER_OBJECT_CONVERSION = YES_AGGRESSIVE;
				CLANG_CXX_LANGUAGE_STANDARD = "gnu++14";
				CLANG_CXX_LIBRARY = "libc++";
				CLANG_ENABLE_MODULES = YES;
				CLANG_ENABLE_OBJC_ARC = YES;
				CLANG_ENABLE_OBJC_WEAK = YES;
				CLANG_WARN_BLOCK_CAPTURE_AUTORELEASING = YES;
				CLANG_WARN_BOOL_CONVERSION = YES;
				CLANG_WARN_COMMA = YES;
				CLANG_WARN_CONSTANT_CONVERSION = YES;
				CLANG_WARN_DEPRECATED_OBJC_IMPLEMENTATIONS = YES;
				CLANG_WARN_DIRECT_OBJC_ISA_USAGE = YES_ERROR;
				CLANG_WARN_DOCUMENTATION_COMMENTS = YES;
				CLANG_WARN_EMPTY_BODY = YES;
				CLANG_WARN_ENUM_CONVERSION = YES;
				CLANG_WARN_INFINITE_RECURSION = YES;
				CLANG_WARN_INT_CONVERSION = YES;
				CLANG_WARN_NON_LITERAL_NULL_CONVERSION = YES;
				CLANG_WARN_OBJC_IMPLICIT_RETAIN_SELF = YES;
				CLANG_WARN_OBJC_LITERAL_CONVERSION = YES;
				CLANG_WARN_OBJC_ROOT_CLASS = YES_ERROR;
				CLANG_WARN_RANGE_LOOP_ANALYSIS = YES;
				CLANG_WARN_STRICT_PROTOTYPES = YES;
				CLANG_WARN_SUSPICIOUS_MOVE = YES;
				CLANG_WARN_UNGUARDED_AVAILABILITY = YES_AGGRESSIVE;
				CLANG_WARN_UNREACHABLE_CODE = YES;
				CLANG_WARN__DUPLICATE_METHOD_MATCH = YES;
				CODE_SIGN_IDENTITY = "iPhone Developer";
				COPY_PHASE_STRIP = NO;
				DEBUG_INFORMATION_FORMAT = dwarf;
				ENABLE_STRICT_OBJC_MSGSEND = YES;
				ENABLE_TESTABILITY = YES;
				GCC_C_LANGUAGE_STANDARD = gnu11;
				GCC_DYNAMIC_NO_PIC = NO;
				GCC_NO_COMMON_BLOCKS = YES;
				GCC_OPTIMIZATION_LEVEL = 0;
				GCC_PREPROCESSOR_DEFINITIONS = (
					"DEBUG=1",
					"$(inherited)",
				);
				GCC_WARN_64_TO_32_BIT_CONVERSION = YES;
				GCC_WARN_ABOUT_RETURN_TYPE = YES_ERROR;
				GCC_WARN_UNDECLARED_SELECTOR = YES;
				GCC_WARN_UNINITIALIZED_AUTOS = YES_AGGRESSIVE;
				GCC_WARN_UNUSED_FUNCTION = YES;
				GCC_WARN_UNUSED_VARIABLE = YES;
				IPHONEOS_DEPLOYMENT_TARGET = 12.1;
				MTL_ENABLE_DEBUG_INFO = INCLUDE_SOURCE;
				MTL_FAST_MATH = YES;
				ONLY_ACTIVE_ARCH = YES;
				SDKROOT = iphoneos;
				SWIFT_ACTIVE_COMPILATION_CONDITIONS = DEBUG;
				SWIFT_OPTIMIZATION_LEVEL = "-Onone";
			};
			name = Debug;
		};
		664E47B62207FC15008F11D9 /* Release */ = {
			isa = XCBuildConfiguration;
			buildSettings = {
				ALWAYS_SEARCH_USER_PATHS = NO;
				CLANG_ANALYZER_NONNULL = YES;
				CLANG_ANALYZER_NUMBER_OBJECT_CONVERSION = YES_AGGRESSIVE;
				CLANG_CXX_LANGUAGE_STANDARD = "gnu++14";
				CLANG_CXX_LIBRARY = "libc++";
				CLANG_ENABLE_MODULES = YES;
				CLANG_ENABLE_OBJC_ARC = YES;
				CLANG_ENABLE_OBJC_WEAK = YES;
				CLANG_WARN_BLOCK_CAPTURE_AUTORELEASING = YES;
				CLANG_WARN_BOOL_CONVERSION = YES;
				CLANG_WARN_COMMA = YES;
				CLANG_WARN_CONSTANT_CONVERSION = YES;
				CLANG_WARN_DEPRECATED_OBJC_IMPLEMENTATIONS = YES;
				CLANG_WARN_DIRECT_OBJC_ISA_USAGE = YES_ERROR;
				CLANG_WARN_DOCUMENTATION_COMMENTS = YES;
				CLANG_WARN_EMPTY_BODY = YES;
				CLANG_WARN_ENUM_CONVERSION = YES;
				CLANG_WARN_INFINITE_RECURSION = YES;
				CLANG_WARN_INT_CONVERSION = YES;
				CLANG_WARN_NON_LITERAL_NULL_CONVERSION = YES;
				CLANG_WARN_OBJC_IMPLICIT_RETAIN_SELF = YES;
				CLANG_WARN_OBJC_LITERAL_CONVERSION = YES;
				CLANG_WARN_OBJC_ROOT_CLASS = YES_ERROR;
				CLANG_WARN_RANGE_LOOP_ANALYSIS = YES;
				CLANG_WARN_STRICT_PROTOTYPES = YES;
				CLANG_WARN_SUSPICIOUS_MOVE = YES;
				CLANG_WARN_UNGUARDED_AVAILABILITY = YES_AGGRESSIVE;
				CLANG_WARN_UNREACHABLE_CODE = YES;
				CLANG_WARN__DUPLICATE_METHOD_MATCH = YES;
				CODE_SIGN_IDENTITY = "iPhone Developer";
				COPY_PHASE_STRIP = NO;
				DEBUG_INFORMATION_FORMAT = "dwarf-with-dsym";
				ENABLE_NS_ASSERTIONS = NO;
				ENABLE_STRICT_OBJC_MSGSEND = YES;
				GCC_C_LANGUAGE_STANDARD = gnu11;
				GCC_NO_COMMON_BLOCKS = YES;
				GCC_WARN_64_TO_32_BIT_CONVERSION = YES;
				GCC_WARN_ABOUT_RETURN_TYPE = YES_ERROR;
				GCC_WARN_UNDECLARED_SELECTOR = YES;
				GCC_WARN_UNINITIALIZED_AUTOS = YES_AGGRESSIVE;
				GCC_WARN_UNUSED_FUNCTION = YES;
				GCC_WARN_UNUSED_VARIABLE = YES;
				IPHONEOS_DEPLOYMENT_TARGET = 12.1;
				MTL_ENABLE_DEBUG_INFO = NO;
				MTL_FAST_MATH = YES;
				SDKROOT = iphoneos;
				SWIFT_COMPILATION_MODE = wholemodule;
				SWIFT_OPTIMIZATION_LEVEL = "-O";
				VALIDATE_PRODUCT = YES;
			};
			name = Release;
		};
		664E47B82207FC15008F11D9 /* Debug */ = {
			isa = XCBuildConfiguration;
			buildSettings = {
				ASSETCATALOG_COMPILER_APPICON_NAME = AppIcon;
				CODE_SIGN_STYLE = Automatic;
				DEVELOPMENT_TEAM = Z4V2RBG4M7;
				INFOPLIST_FILE = "$(SRCROOT)/TestProjectBBC/Resources/Info.plist";
				IPHONEOS_DEPLOYMENT_TARGET = 11.0;
				LD_RUNPATH_SEARCH_PATHS = (
					"$(inherited)",
					"@executable_path/Frameworks",
				);
				PRODUCT_BUNDLE_IDENTIFIER = io.leitgeb.TestProjectBBC;
				PRODUCT_NAME = "$(TARGET_NAME)";
				SWIFT_VERSION = 4.2;
				TARGETED_DEVICE_FAMILY = 1;
			};
			name = Debug;
		};
		664E47B92207FC15008F11D9 /* Release */ = {
			isa = XCBuildConfiguration;
			buildSettings = {
				ASSETCATALOG_COMPILER_APPICON_NAME = AppIcon;
				CODE_SIGN_STYLE = Automatic;
				DEVELOPMENT_TEAM = Z4V2RBG4M7;
				INFOPLIST_FILE = "$(SRCROOT)/TestProjectBBC/Resources/Info.plist";
				IPHONEOS_DEPLOYMENT_TARGET = 11.0;
				LD_RUNPATH_SEARCH_PATHS = (
					"$(inherited)",
					"@executable_path/Frameworks",
				);
				PRODUCT_BUNDLE_IDENTIFIER = io.leitgeb.TestProjectBBC;
				PRODUCT_NAME = "$(TARGET_NAME)";
				SWIFT_VERSION = 4.2;
				TARGETED_DEVICE_FAMILY = 1;
			};
			name = Release;
		};
		664E47BB2207FC15008F11D9 /* Debug */ = {
			isa = XCBuildConfiguration;
			buildSettings = {
				ALWAYS_EMBED_SWIFT_STANDARD_LIBRARIES = YES;
				BUNDLE_LOADER = "$(TEST_HOST)";
				CODE_SIGN_STYLE = Automatic;
				DEVELOPMENT_TEAM = Z4V2RBG4M7;
				INFOPLIST_FILE = TestProjectBBCTests/Info.plist;
				LD_RUNPATH_SEARCH_PATHS = (
					"$(inherited)",
					"@executable_path/Frameworks",
					"@loader_path/Frameworks",
				);
				PRODUCT_BUNDLE_IDENTIFIER = io.leitgeb.TestProjectBBCTests;
				PRODUCT_NAME = "$(TARGET_NAME)";
				SWIFT_VERSION = 4.2;
				TARGETED_DEVICE_FAMILY = "1,2";
				TEST_HOST = "$(BUILT_PRODUCTS_DIR)/TestProjectBBC.app/TestProjectBBC";
			};
			name = Debug;
		};
		664E47BC2207FC15008F11D9 /* Release */ = {
			isa = XCBuildConfiguration;
			buildSettings = {
				ALWAYS_EMBED_SWIFT_STANDARD_LIBRARIES = YES;
				BUNDLE_LOADER = "$(TEST_HOST)";
				CODE_SIGN_STYLE = Automatic;
				DEVELOPMENT_TEAM = Z4V2RBG4M7;
				INFOPLIST_FILE = TestProjectBBCTests/Info.plist;
				LD_RUNPATH_SEARCH_PATHS = (
					"$(inherited)",
					"@executable_path/Frameworks",
					"@loader_path/Frameworks",
				);
				PRODUCT_BUNDLE_IDENTIFIER = io.leitgeb.TestProjectBBCTests;
				PRODUCT_NAME = "$(TARGET_NAME)";
				SWIFT_VERSION = 4.2;
				TARGETED_DEVICE_FAMILY = "1,2";
				TEST_HOST = "$(BUILT_PRODUCTS_DIR)/TestProjectBBC.app/TestProjectBBC";
			};
			name = Release;
		};
/* End XCBuildConfiguration section */

/* Begin XCConfigurationList section */
		664E47952207FC14008F11D9 /* Build configuration list for PBXProject "TestProjectBBC" */ = {
			isa = XCConfigurationList;
			buildConfigurations = (
				664E47B52207FC15008F11D9 /* Debug */,
				664E47B62207FC15008F11D9 /* Release */,
			);
			defaultConfigurationIsVisible = 0;
			defaultConfigurationName = Release;
		};
		664E47B72207FC15008F11D9 /* Build configuration list for PBXNativeTarget "TestProjectBBC" */ = {
			isa = XCConfigurationList;
			buildConfigurations = (
				664E47B82207FC15008F11D9 /* Debug */,
				664E47B92207FC15008F11D9 /* Release */,
			);
			defaultConfigurationIsVisible = 0;
			defaultConfigurationName = Release;
		};
		664E47BA2207FC15008F11D9 /* Build configuration list for PBXNativeTarget "TestProjectBBCTests" */ = {
			isa = XCConfigurationList;
			buildConfigurations = (
				664E47BB2207FC15008F11D9 /* Debug */,
				664E47BC2207FC15008F11D9 /* Release */,
			);
			defaultConfigurationIsVisible = 0;
			defaultConfigurationName = Release;
		};
/* End XCConfigurationList section */
	};
	rootObject = 664E47922207FC14008F11D9 /* Project object */;
}
